
Microsoft Visual Studio Solution File, Format Version 12.00
# Visual Studio Version 16
VisualStudioVersion = 16.0.28803.452
MinimumVisualStudioVersion = 10.0.40219.1
Project("{FAE04EC0-301F-11D3-BF4B-00C04F79EFBC}") = "Framework", "Framework\Framework.csproj", "{95173556-A1B6-4ED0-8198-5FAFBF9D4595}"
EndProject
Project("{FAE04EC0-301F-11D3-BF4B-00C04F79EFBC}") = "TestProject", "TestProject\TestProject.csproj", "{9397B75E-2757-4846-9F25-0FAD190F7CC8}"
EndProject
Global
	GlobalSection(SolutionConfigurationPlatforms) = preSolution
		Debug|Any CPU = Debug|Any CPU
		Release|Any CPU = Release|Any CPU
	EndGlobalSection
	GlobalSection(ProjectConfigurationPlatforms) = postSolution
		{95173556-A1B6-4ED0-8198-5FAFBF9D4595}.Debug|Any CPU.ActiveCfg = Debug|Any CPU
		{95173556-A1B6-4ED0-8198-5FAFBF9D4595}.Debug|Any CPU.Build.0 = Debug|Any CPU
		{95173556-A1B6-4ED0-8198-5FAFBF9D4595}.Release|Any CPU.ActiveCfg = Release|Any CPU
		{95173556-A1B6-4ED0-8198-5FAFBF9D4595}.Release|Any CPU.Build.0 = Release|Any CPU
		{9397B75E-2757-4846-9F25-0FAD190F7CC8}.Debug|Any CPU.ActiveCfg = Debug|Any CPU
		{9397B75E-2757-4846-9F25-0FAD190F7CC8}.Debug|Any CPU.Build.0 = Debug|Any CPU
		{9397B75E-2757-4846-9F25-0FAD190F7CC8}.Release|Any CPU.ActiveCfg = Release|Any CPU
		{9397B75E-2757-4846-9F25-0FAD190F7CC8}.Release|Any CPU.Build.0 = Release|Any CPU
	EndGlobalSection
	GlobalSection(SolutionProperties) = preSolution
		HideSolutionNode = FALSE
	EndGlobalSection
	GlobalSection(ExtensibilityGlobals) = postSolution
		SolutionGuid = {D5B7DE55-54AF-4E3C-B357-8CC48E0F5E6C}
	EndGlobalSection
EndGlobal
